// !$*UTF8*$!
{
	archiveVersion = 1;
	classes = {
	};
	objectVersion = 56;
	objects = {

/* Begin PBXBuildFile section */
		4D6B3F0C2BCB0EC900112213 /* ContentView.swift in Sources */ = {isa = PBXBuildFile; fileRef = 4D6B3F0B2BCB0EC900112213 /* ContentView.swift */; };
		4DAC6AE12BCB10D4005D4C79 /* ProfileView.swift in Sources */ = {isa = PBXBuildFile; fileRef = 4DAC6AE02BCB10D4005D4C79 /* ProfileView.swift */; };
		4DAC6AE32BCB1217005D4C79 /* JournalIconView.swift in Sources */ = {isa = PBXBuildFile; fileRef = 4DAC6AE22BCB1217005D4C79 /* JournalIconView.swift */; };
		4DAC6AE52BD2CA6D005D4C79 /* DetailJournalView.swift in Sources */ = {isa = PBXBuildFile; fileRef = 4DAC6AE42BD2CA6D005D4C79 /* DetailJournalView.swift */; };
		FC4072452BCB08B8005BB784 /* TravelSnapApp.swift in Sources */ = {isa = PBXBuildFile; fileRef = FC4072442BCB08B8005BB784 /* TravelSnapApp.swift */; };
		FC4072492BCB08BA005BB784 /* Assets.xcassets in Resources */ = {isa = PBXBuildFile; fileRef = FC4072482BCB08BA005BB784 /* Assets.xcassets */; };
		FC40724C2BCB08BA005BB784 /* Preview Assets.xcassets in Resources */ = {isa = PBXBuildFile; fileRef = FC40724B2BCB08BA005BB784 /* Preview Assets.xcassets */; };
		FC4072562BCB08BA005BB784 /* TravelSnapTests.swift in Sources */ = {isa = PBXBuildFile; fileRef = FC4072552BCB08BA005BB784 /* TravelSnapTests.swift */; };
		FC4072602BCB08BA005BB784 /* TravelSnapUITests.swift in Sources */ = {isa = PBXBuildFile; fileRef = FC40725F2BCB08BA005BB784 /* TravelSnapUITests.swift */; };
		FC4072622BCB08BA005BB784 /* TravelSnapUITestsLaunchTests.swift in Sources */ = {isa = PBXBuildFile; fileRef = FC4072612BCB08BA005BB784 /* TravelSnapUITestsLaunchTests.swift */; };
/* End PBXBuildFile section */

/* Begin PBXContainerItemProxy section */
		FC4072522BCB08BA005BB784 /* PBXContainerItemProxy */ = {
			isa = PBXContainerItemProxy;
			containerPortal = FC4072392BCB08B8005BB784 /* Project object */;
			proxyType = 1;
			remoteGlobalIDString = FC4072402BCB08B8005BB784;
			remoteInfo = TravelSnap;
		};
		FC40725C2BCB08BA005BB784 /* PBXContainerItemProxy */ = {
			isa = PBXContainerItemProxy;
			containerPortal = FC4072392BCB08B8005BB784 /* Project object */;
			proxyType = 1;
			remoteGlobalIDString = FC4072402BCB08B8005BB784;
			remoteInfo = TravelSnap;
		};
/* End PBXContainerItemProxy section */

/* Begin PBXFileReference section */
		4D6B3F0B2BCB0EC900112213 /* ContentView.swift */ = {isa = PBXFileReference; lastKnownFileType = sourcecode.swift; path = ContentView.swift; sourceTree = "<group>"; };
		4DAC6AE02BCB10D4005D4C79 /* ProfileView.swift */ = {isa = PBXFileReference; lastKnownFileType = sourcecode.swift; path = ProfileView.swift; sourceTree = "<group>"; };
		4DAC6AE22BCB1217005D4C79 /* JournalIconView.swift */ = {isa = PBXFileReference; lastKnownFileType = sourcecode.swift; path = JournalIconView.swift; sourceTree = "<group>"; };
		4DAC6AE42BD2CA6D005D4C79 /* DetailJournalView.swift */ = {isa = PBXFileReference; lastKnownFileType = sourcecode.swift; path = DetailJournalView.swift; sourceTree = "<group>"; };
		FC4072412BCB08B8005BB784 /* TravelSnap.app */ = {isa = PBXFileReference; explicitFileType = wrapper.application; includeInIndex = 0; path = TravelSnap.app; sourceTree = BUILT_PRODUCTS_DIR; };
		FC4072442BCB08B8005BB784 /* TravelSnapApp.swift */ = {isa = PBXFileReference; lastKnownFileType = sourcecode.swift; path = TravelSnapApp.swift; sourceTree = "<group>"; };
		FC4072482BCB08BA005BB784 /* Assets.xcassets */ = {isa = PBXFileReference; lastKnownFileType = folder.assetcatalog; path = Assets.xcassets; sourceTree = "<group>"; };
		FC40724B2BCB08BA005BB784 /* Preview Assets.xcassets */ = {isa = PBXFileReference; lastKnownFileType = folder.assetcatalog; path = "Preview Assets.xcassets"; sourceTree = "<group>"; };
		FC4072512BCB08BA005BB784 /* TravelSnapTests.xctest */ = {isa = PBXFileReference; explicitFileType = wrapper.cfbundle; includeInIndex = 0; path = TravelSnapTests.xctest; sourceTree = BUILT_PRODUCTS_DIR; };
		FC4072552BCB08BA005BB784 /* TravelSnapTests.swift */ = {isa = PBXFileReference; lastKnownFileType = sourcecode.swift; path = TravelSnapTests.swift; sourceTree = "<group>"; };
		FC40725B2BCB08BA005BB784 /* TravelSnapUITests.xctest */ = {isa = PBXFileReference; explicitFileType = wrapper.cfbundle; includeInIndex = 0; path = TravelSnapUITests.xctest; sourceTree = BUILT_PRODUCTS_DIR; };
		FC40725F2BCB08BA005BB784 /* TravelSnapUITests.swift */ = {isa = PBXFileReference; lastKnownFileType = sourcecode.swift; path = TravelSnapUITests.swift; sourceTree = "<group>"; };
		FC4072612BCB08BA005BB784 /* TravelSnapUITestsLaunchTests.swift */ = {isa = PBXFileReference; lastKnownFileType = sourcecode.swift; path = TravelSnapUITestsLaunchTests.swift; sourceTree = "<group>"; };
/* End PBXFileReference section */

/* Begin PBXFrameworksBuildPhase section */
		FC40723E2BCB08B8005BB784 /* Frameworks */ = {
			isa = PBXFrameworksBuildPhase;
			buildActionMask = 2147483647;
			files = (
			);
			runOnlyForDeploymentPostprocessing = 0;
		};
		FC40724E2BCB08BA005BB784 /* Frameworks */ = {
			isa = PBXFrameworksBuildPhase;
			buildActionMask = 2147483647;
			files = (
			);
			runOnlyForDeploymentPostprocessing = 0;
		};
		FC4072582BCB08BA005BB784 /* Frameworks */ = {
			isa = PBXFrameworksBuildPhase;
			buildActionMask = 2147483647;
			files = (
			);
			runOnlyForDeploymentPostprocessing = 0;
		};
/* End PBXFrameworksBuildPhase section */

/* Begin PBXGroup section */
		FC4072382BCB08B8005BB784 = {
			isa = PBXGroup;
			children = (
				FC4072432BCB08B8005BB784 /* TravelSnap */,
				FC4072542BCB08BA005BB784 /* TravelSnapTests */,
				FC40725E2BCB08BA005BB784 /* TravelSnapUITests */,
				FC4072422BCB08B8005BB784 /* Products */,
			);
			sourceTree = "<group>";
		};
		FC4072422BCB08B8005BB784 /* Products */ = {
			isa = PBXGroup;
			children = (
				FC4072412BCB08B8005BB784 /* TravelSnap.app */,
				FC4072512BCB08BA005BB784 /* TravelSnapTests.xctest */,
				FC40725B2BCB08BA005BB784 /* TravelSnapUITests.xctest */,
			);
			name = Products;
			sourceTree = "<group>";
		};
		FC4072432BCB08B8005BB784 /* TravelSnap */ = {
			isa = PBXGroup;
			children = (
				FC4072442BCB08B8005BB784 /* TravelSnapApp.swift */,
				4D6B3F0B2BCB0EC900112213 /* ContentView.swift */,
				4DAC6AE02BCB10D4005D4C79 /* ProfileView.swift */,
				4DAC6AE42BD2CA6D005D4C79 /* DetailJournalView.swift */,
				4DAC6AE22BCB1217005D4C79 /* JournalIconView.swift */,
				FC4072482BCB08BA005BB784 /* Assets.xcassets */,
				FC40724A2BCB08BA005BB784 /* Preview Content */,
			);
			path = TravelSnap;
			sourceTree = "<group>";
		};
		FC40724A2BCB08BA005BB784 /* Preview Content */ = {
			isa = PBXGroup;
			children = (
				FC40724B2BCB08BA005BB784 /* Preview Assets.xcassets */,
			);
			path = "Preview Content";
			sourceTree = "<group>";
		};
		FC4072542BCB08BA005BB784 /* TravelSnapTests */ = {
			isa = PBXGroup;
			children = (
				FC4072552BCB08BA005BB784 /* TravelSnapTests.swift */,
			);
			path = TravelSnapTests;
			sourceTree = "<group>";
		};
		FC40725E2BCB08BA005BB784 /* TravelSnapUITests */ = {
			isa = PBXGroup;
			children = (
				FC40725F2BCB08BA005BB784 /* TravelSnapUITests.swift */,
				FC4072612BCB08BA005BB784 /* TravelSnapUITestsLaunchTests.swift */,
			);
			path = TravelSnapUITests;
			sourceTree = "<group>";
		};
/* End PBXGroup section */

/* Begin PBXNativeTarget section */
		FC4072402BCB08B8005BB784 /* TravelSnap */ = {
			isa = PBXNativeTarget;
			buildConfigurationList = FC4072652BCB08BA005BB784 /* Build configuration list for PBXNativeTarget "TravelSnap" */;
			buildPhases = (
				FC40723D2BCB08B8005BB784 /* Sources */,
				FC40723E2BCB08B8005BB784 /* Frameworks */,
				FC40723F2BCB08B8005BB784 /* Resources */,
			);
			buildRules = (
			);
			dependencies = (
			);
			name = TravelSnap;
			productName = TravelSnap;
			productReference = FC4072412BCB08B8005BB784 /* TravelSnap.app */;
			productType = "com.apple.product-type.application";
		};
		FC4072502BCB08BA005BB784 /* TravelSnapTests */ = {
			isa = PBXNativeTarget;
			buildConfigurationList = FC4072682BCB08BA005BB784 /* Build configuration list for PBXNativeTarget "TravelSnapTests" */;
			buildPhases = (
				FC40724D2BCB08BA005BB784 /* Sources */,
				FC40724E2BCB08BA005BB784 /* Frameworks */,
				FC40724F2BCB08BA005BB784 /* Resources */,
			);
			buildRules = (
			);
			dependencies = (
				FC4072532BCB08BA005BB784 /* PBXTargetDependency */,
			);
			name = TravelSnapTests;
			productName = TravelSnapTests;
			productReference = FC4072512BCB08BA005BB784 /* TravelSnapTests.xctest */;
			productType = "com.apple.product-type.bundle.unit-test";
		};
		FC40725A2BCB08BA005BB784 /* TravelSnapUITests */ = {
			isa = PBXNativeTarget;
			buildConfigurationList = FC40726B2BCB08BA005BB784 /* Build configuration list for PBXNativeTarget "TravelSnapUITests" */;
			buildPhases = (
				FC4072572BCB08BA005BB784 /* Sources */,
				FC4072582BCB08BA005BB784 /* Frameworks */,
				FC4072592BCB08BA005BB784 /* Resources */,
			);
			buildRules = (
			);
			dependencies = (
				FC40725D2BCB08BA005BB784 /* PBXTargetDependency */,
			);
			name = TravelSnapUITests;
			productName = TravelSnapUITests;
			productReference = FC40725B2BCB08BA005BB784 /* TravelSnapUITests.xctest */;
			productType = "com.apple.product-type.bundle.ui-testing";
		};
/* End PBXNativeTarget section */

/* Begin PBXProject section */
		FC4072392BCB08B8005BB784 /* Project object */ = {
			isa = PBXProject;
			attributes = {
				BuildIndependentTargetsInParallel = 1;
				LastSwiftUpdateCheck = 1520;
				LastUpgradeCheck = 1520;
				TargetAttributes = {
					FC4072402BCB08B8005BB784 = {
						CreatedOnToolsVersion = 15.2;
					};
					FC4072502BCB08BA005BB784 = {
						CreatedOnToolsVersion = 15.2;
						TestTargetID = FC4072402BCB08B8005BB784;
					};
					FC40725A2BCB08BA005BB784 = {
						CreatedOnToolsVersion = 15.2;
						TestTargetID = FC4072402BCB08B8005BB784;
					};
				};
			};
			buildConfigurationList = FC40723C2BCB08B8005BB784 /* Build configuration list for PBXProject "TravelSnap" */;
			compatibilityVersion = "Xcode 14.0";
			developmentRegion = en;
			hasScannedForEncodings = 0;
			knownRegions = (
				en,
				Base,
			);
			mainGroup = FC4072382BCB08B8005BB784;
			productRefGroup = FC4072422BCB08B8005BB784 /* Products */;
			projectDirPath = "";
			projectRoot = "";
			targets = (
				FC4072402BCB08B8005BB784 /* TravelSnap */,
				FC4072502BCB08BA005BB784 /* TravelSnapTests */,
				FC40725A2BCB08BA005BB784 /* TravelSnapUITests */,
			);
		};
/* End PBXProject section */

/* Begin PBXResourcesBuildPhase section */
		FC40723F2BCB08B8005BB784 /* Resources */ = {
			isa = PBXResourcesBuildPhase;
			buildActionMask = 2147483647;
			files = (
				FC40724C2BCB08BA005BB784 /* Preview Assets.xcassets in Resources */,
				FC4072492BCB08BA005BB784 /* Assets.xcassets in Resources */,
			);
			runOnlyForDeploymentPostprocessing = 0;
		};
		FC40724F2BCB08BA005BB784 /* Resources */ = {
			isa = PBXResourcesBuildPhase;
			buildActionMask = 2147483647;
			files = (
			);
			runOnlyForDeploymentPostprocessing = 0;
		};
		FC4072592BCB08BA005BB784 /* Resources */ = {
			isa = PBXResourcesBuildPhase;
			buildActionMask = 2147483647;
			files = (
			);
			runOnlyForDeploymentPostprocessing = 0;
		};
/* End PBXResourcesBuildPhase section */

/* Begin PBXSourcesBuildPhase section */
		FC40723D2BCB08B8005BB784 /* Sources */ = {
			isa = PBXSourcesBuildPhase;
			buildActionMask = 2147483647;
			files = (
				4D6B3F0C2BCB0EC900112213 /* ContentView.swift in Sources */,
				4DAC6AE12BCB10D4005D4C79 /* ProfileView.swift in Sources */,
				FC4072452BCB08B8005BB784 /* TravelSnapApp.swift in Sources */,
				4DAC6AE52BD2CA6D005D4C79 /* DetailJournalView.swift in Sources */,
				4DAC6AE32BCB1217005D4C79 /* JournalIconView.swift in Sources */,
			);
			runOnlyForDeploymentPostprocessing = 0;
		};
		FC40724D2BCB08BA005BB784 /* Sources */ = {
			isa = PBXSourcesBuildPhase;
			buildActionMask = 2147483647;
			files = (
				FC4072562BCB08BA005BB784 /* TravelSnapTests.swift in Sources */,
			);
			runOnlyForDeploymentPostprocessing = 0;
		};
		FC4072572BCB08BA005BB784 /* Sources */ = {
			isa = PBXSourcesBuildPhase;
			buildActionMask = 2147483647;
			files = (
				FC4072622BCB08BA005BB784 /* TravelSnapUITestsLaunchTests.swift in Sources */,
				FC4072602BCB08BA005BB784 /* TravelSnapUITests.swift in Sources */,
			);
			runOnlyForDeploymentPostprocessing = 0;
		};
/* End PBXSourcesBuildPhase section */

/* Begin PBXTargetDependency section */
		FC4072532BCB08BA005BB784 /* PBXTargetDependency */ = {
			isa = PBXTargetDependency;
			target = FC4072402BCB08B8005BB784 /* TravelSnap */;
			targetProxy = FC4072522BCB08BA005BB784 /* PBXContainerItemProxy */;
		};
		FC40725D2BCB08BA005BB784 /* PBXTargetDependency */ = {
			isa = PBXTargetDependency;
			target = FC4072402BCB08B8005BB784 /* TravelSnap */;
			targetProxy = FC40725C2BCB08BA005BB784 /* PBXContainerItemProxy */;
		};
/* End PBXTargetDependency section */

/* Begin XCBuildConfiguration section */
		FC4072632BCB08BA005BB784 /* Debug */ = {
			isa = XCBuildConfiguration;
			buildSettings = {
				ALWAYS_SEARCH_USER_PATHS = NO;
				ASSETCATALOG_COMPILER_GENERATE_SWIFT_ASSET_SYMBOL_EXTENSIONS = YES;
				CLANG_ANALYZER_NONNULL = YES;
				CLANG_ANALYZER_NUMBER_OBJECT_CONVERSION = YES_AGGRESSIVE;
				CLANG_CXX_LANGUAGE_STANDARD = "gnu++20";
				CLANG_ENABLE_MODULES = YES;
				CLANG_ENABLE_OBJC_ARC = YES;
				CLANG_ENABLE_OBJC_WEAK = YES;
				CLANG_WARN_BLOCK_CAPTURE_AUTORELEASING = YES;
				CLANG_WARN_BOOL_CONVERSION = YES;
				CLANG_WARN_COMMA = YES;
				CLANG_WARN_CONSTANT_CONVERSION = YES;
				CLANG_WARN_DEPRECATED_OBJC_IMPLEMENTATIONS = YES;
				CLANG_WARN_DIRECT_OBJC_ISA_USAGE = YES_ERROR;
				CLANG_WARN_DOCUMENTATION_COMMENTS = YES;
				CLANG_WARN_EMPTY_BODY = YES;
				CLANG_WARN_ENUM_CONVERSION = YES;
				CLANG_WARN_INFINITE_RECURSION = YES;
				CLANG_WARN_INT_CONVERSION = YES;
				CLANG_WARN_NON_LITERAL_NULL_CONVERSION = YES;
				CLANG_WARN_OBJC_IMPLICIT_RETAIN_SELF = YES;
				CLANG_WARN_OBJC_LITERAL_CONVERSION = YES;
				CLANG_WARN_OBJC_ROOT_CLASS = YES_ERROR;
				CLANG_WARN_QUOTED_INCLUDE_IN_FRAMEWORK_HEADER = YES;
				CLANG_WARN_RANGE_LOOP_ANALYSIS = YES;
				CLANG_WARN_STRICT_PROTOTYPES = YES;
				CLANG_WARN_SUSPICIOUS_MOVE = YES;
				CLANG_WARN_UNGUARDED_AVAILABILITY = YES_AGGRESSIVE;
				CLANG_WARN_UNREACHABLE_CODE = YES;
				CLANG_WARN__DUPLICATE_METHOD_MATCH = YES;
				COPY_PHASE_STRIP = NO;
				DEBUG_INFORMATION_FORMAT = dwarf;
				ENABLE_STRICT_OBJC_MSGSEND = YES;
				ENABLE_TESTABILITY = YES;
				ENABLE_USER_SCRIPT_SANDBOXING = YES;
				GCC_C_LANGUAGE_STANDARD = gnu17;
				GCC_DYNAMIC_NO_PIC = NO;
				GCC_NO_COMMON_BLOCKS = YES;
				GCC_OPTIMIZATION_LEVEL = 0;
				GCC_PREPROCESSOR_DEFINITIONS = (
					"DEBUG=1",
					"$(inherited)",
				);
				GCC_WARN_64_TO_32_BIT_CONVERSION = YES;
				GCC_WARN_ABOUT_RETURN_TYPE = YES_ERROR;
				GCC_WARN_UNDECLARED_SELECTOR = YES;
				GCC_WARN_UNINITIALIZED_AUTOS = YES_AGGRESSIVE;
				GCC_WARN_UNUSED_FUNCTION = YES;
				GCC_WARN_UNUSED_VARIABLE = YES;
				IPHONEOS_DEPLOYMENT_TARGET = 17.2;
				LOCALIZATION_PREFERS_STRING_CATALOGS = YES;
				MTL_ENABLE_DEBUG_INFO = INCLUDE_SOURCE;
				MTL_FAST_MATH = YES;
				ONLY_ACTIVE_ARCH = YES;
				SDKROOT = iphoneos;
				SWIFT_ACTIVE_COMPILATION_CONDITIONS = "DEBUG $(inherited)";
				SWIFT_OPTIMIZATION_LEVEL = "-Onone";
			};
			name = Debug;
		};
		FC4072642BCB08BA005BB784 /* Release */ = {
			isa = XCBuildConfiguration;
			buildSettings = {
				ALWAYS_SEARCH_USER_PATHS = NO;
				ASSETCATALOG_COMPILER_GENERATE_SWIFT_ASSET_SYMBOL_EXTENSIONS = YES;
				CLANG_ANALYZER_NONNULL = YES;
				CLANG_ANALYZER_NUMBER_OBJECT_CONVERSION = YES_AGGRESSIVE;
				CLANG_CXX_LANGUAGE_STANDARD = "gnu++20";
				CLANG_ENABLE_MODULES = YES;
				CLANG_ENABLE_OBJC_ARC = YES;
				CLANG_ENABLE_OBJC_WEAK = YES;
				CLANG_WARN_BLOCK_CAPTURE_AUTORELEASING = YES;
				CLANG_WARN_BOOL_CONVERSION = YES;
				CLANG_WARN_COMMA = YES;
				CLANG_WARN_CONSTANT_CONVERSION = YES;
				CLANG_WARN_DEPRECATED_OBJC_IMPLEMENTATIONS = YES;
				CLANG_WARN_DIRECT_OBJC_ISA_USAGE = YES_ERROR;
				CLANG_WARN_DOCUMENTATION_COMMENTS = YES;
				CLANG_WARN_EMPTY_BODY = YES;
				CLANG_WARN_ENUM_CONVERSION = YES;
				CLANG_WARN_INFINITE_RECURSION = YES;
				CLANG_WARN_INT_CONVERSION = YES;
				CLANG_WARN_NON_LITERAL_NULL_CONVERSION = YES;
				CLANG_WARN_OBJC_IMPLICIT_RETAIN_SELF = YES;
				CLANG_WARN_OBJC_LITERAL_CONVERSION = YES;
				CLANG_WARN_OBJC_ROOT_CLASS = YES_ERROR;
				CLANG_WARN_QUOTED_INCLUDE_IN_FRAMEWORK_HEADER = YES;
				CLANG_WARN_RANGE_LOOP_ANALYSIS = YES;
				CLANG_WARN_STRICT_PROTOTYPES = YES;
				CLANG_WARN_SUSPICIOUS_MOVE = YES;
				CLANG_WARN_UNGUARDED_AVAILABILITY = YES_AGGRESSIVE;
				CLANG_WARN_UNREACHABLE_CODE = YES;
				CLANG_WARN__DUPLICATE_METHOD_MATCH = YES;
				COPY_PHASE_STRIP = NO;
				DEBUG_INFORMATION_FORMAT = "dwarf-with-dsym";
				ENABLE_NS_ASSERTIONS = NO;
				ENABLE_STRICT_OBJC_MSGSEND = YES;
				ENABLE_USER_SCRIPT_SANDBOXING = YES;
				GCC_C_LANGUAGE_STANDARD = gnu17;
				GCC_NO_COMMON_BLOCKS = YES;
				GCC_WARN_64_TO_32_BIT_CONVERSION = YES;
				GCC_WARN_ABOUT_RETURN_TYPE = YES_ERROR;
				GCC_WARN_UNDECLARED_SELECTOR = YES;
				GCC_WARN_UNINITIALIZED_AUTOS = YES_AGGRESSIVE;
				GCC_WARN_UNUSED_FUNCTION = YES;
				GCC_WARN_UNUSED_VARIABLE = YES;
				IPHONEOS_DEPLOYMENT_TARGET = 17.2;
				LOCALIZATION_PREFERS_STRING_CATALOGS = YES;
				MTL_ENABLE_DEBUG_INFO = NO;
				MTL_FAST_MATH = YES;
				SDKROOT = iphoneos;
				SWIFT_COMPILATION_MODE = wholemodule;
				VALIDATE_PRODUCT = YES;
			};
			name = Release;
		};
		FC4072662BCB08BA005BB784 /* Debug */ = {
			isa = XCBuildConfiguration;
			buildSettings = {
				ASSETCATALOG_COMPILER_APPICON_NAME = AppIcon;
				ASSETCATALOG_COMPILER_GLOBAL_ACCENT_COLOR_NAME = AccentColor;
				CODE_SIGN_STYLE = Automatic;
				CURRENT_PROJECT_VERSION = 1;
				DEVELOPMENT_ASSET_PATHS = "\"TravelSnap/Preview Content\"";
				DEVELOPMENT_TEAM = SRTL2HH5LP;
				ENABLE_PREVIEWS = YES;
				GENERATE_INFOPLIST_FILE = YES;
				INFOPLIST_KEY_UIApplicationSceneManifest_Generation = YES;
				INFOPLIST_KEY_UIApplicationSupportsIndirectInputEvents = YES;
				INFOPLIST_KEY_UILaunchScreen_Generation = YES;
				INFOPLIST_KEY_UISupportedInterfaceOrientations_iPad = "UIInterfaceOrientationPortrait UIInterfaceOrientationPortraitUpsideDown UIInterfaceOrientationLandscapeLeft UIInterfaceOrientationLandscapeRight";
				INFOPLIST_KEY_UISupportedInterfaceOrientations_iPhone = "UIInterfaceOrientationPortrait UIInterfaceOrientationLandscapeLeft UIInterfaceOrientationLandscapeRight";
				LD_RUNPATH_SEARCH_PATHS = (
					"$(inherited)",
					"@executable_path/Frameworks",
				);
				MARKETING_VERSION = 1.0;
				PRODUCT_BUNDLE_IDENTIFIER = com.codepath.TravelSnap;
				PRODUCT_NAME = "$(TARGET_NAME)";
				SWIFT_EMIT_LOC_STRINGS = YES;
				SWIFT_VERSION = 5.0;
				TARGETED_DEVICE_FAMILY = "1,2";
			};
			name = Debug;
		};
		FC4072672BCB08BA005BB784 /* Release */ = {
			isa = XCBuildConfiguration;
			buildSettings = {
				ASSETCATALOG_COMPILER_APPICON_NAME = AppIcon;
				ASSETCATALOG_COMPILER_GLOBAL_ACCENT_COLOR_NAME = AccentColor;
				CODE_SIGN_STYLE = Automatic;
				CURRENT_PROJECT_VERSION = 1;
				DEVELOPMENT_ASSET_PATHS = "\"TravelSnap/Preview Content\"";
				DEVELOPMENT_TEAM = SRTL2HH5LP;
				ENABLE_PREVIEWS = YES;
				GENERATE_INFOPLIST_FILE = YES;
				INFOPLIST_KEY_UIApplicationSceneManifest_Generation = YES;
				INFOPLIST_KEY_UIApplicationSupportsIndirectInputEvents = YES;
				INFOPLIST_KEY_UILaunchScreen_Generation = YES;
				INFOPLIST_KEY_UISupportedInterfaceOrientations_iPad = "UIInterfaceOrientationPortrait UIInterfaceOrientationPortraitUpsideDown UIInterfaceOrientationLandscapeLeft UIInterfaceOrientationLandscapeRight";
				INFOPLIST_KEY_UISupportedInterfaceOrientations_iPhone = "UIInterfaceOrientationPortrait UIInterfaceOrientationLandscapeLeft UIInterfaceOrientationLandscapeRight";
				LD_RUNPATH_SEARCH_PATHS = (
					"$(inherited)",
					"@executable_path/Frameworks",
				);
				MARKETING_VERSION = 1.0;
				PRODUCT_BUNDLE_IDENTIFIER = com.codepath.TravelSnap;
				PRODUCT_NAME = "$(TARGET_NAME)";
				SWIFT_EMIT_LOC_STRINGS = YES;
				SWIFT_VERSION = 5.0;
				TARGETED_DEVICE_FAMILY = "1,2";
			};
			name = Release;
		};
		FC4072692BCB08BA005BB784 /* Debug */ = {
			isa = XCBuildConfiguration;
			buildSettings = {
				ALWAYS_EMBED_SWIFT_STANDARD_LIBRARIES = YES;
				BUNDLE_LOADER = "$(TEST_HOST)";
				CODE_SIGN_STYLE = Automatic;
				CURRENT_PROJECT_VERSION = 1;
				DEVELOPMENT_TEAM = SRTL2HH5LP;
				GENERATE_INFOPLIST_FILE = YES;
				IPHONEOS_DEPLOYMENT_TARGET = 17.2;
				MARKETING_VERSION = 1.0;
				PRODUCT_BUNDLE_IDENTIFIER = com.codepath.TravelSnapTests;
				PRODUCT_NAME = "$(TARGET_NAME)";
				SWIFT_EMIT_LOC_STRINGS = NO;
				SWIFT_VERSION = 5.0;
				TARGETED_DEVICE_FAMILY = "1,2";
				TEST_HOST = "$(BUILT_PRODUCTS_DIR)/TravelSnap.app/$(BUNDLE_EXECUTABLE_FOLDER_PATH)/TravelSnap";
			};
			name = Debug;
		};
		FC40726A2BCB08BA005BB784 /* Release */ = {
			isa = XCBuildConfiguration;
			buildSettings = {
				ALWAYS_EMBED_SWIFT_STANDARD_LIBRARIES = YES;
				BUNDLE_LOADER = "$(TEST_HOST)";
				CODE_SIGN_STYLE = Automatic;
				CURRENT_PROJECT_VERSION = 1;
				DEVELOPMENT_TEAM = SRTL2HH5LP;
				GENERATE_INFOPLIST_FILE = YES;
				IPHONEOS_DEPLOYMENT_TARGET = 17.2;
				MARKETING_VERSION = 1.0;
				PRODUCT_BUNDLE_IDENTIFIER = com.codepath.TravelSnapTests;
				PRODUCT_NAME = "$(TARGET_NAME)";
				SWIFT_EMIT_LOC_STRINGS = NO;
				SWIFT_VERSION = 5.0;
				TARGETED_DEVICE_FAMILY = "1,2";
				TEST_HOST = "$(BUILT_PRODUCTS_DIR)/TravelSnap.app/$(BUNDLE_EXECUTABLE_FOLDER_PATH)/TravelSnap";
			};
			name = Release;
		};
		FC40726C2BCB08BA005BB784 /* Debug */ = {
			isa = XCBuildConfiguration;
			buildSettings = {
				ALWAYS_EMBED_SWIFT_STANDARD_LIBRARIES = YES;
				CODE_SIGN_STYLE = Automatic;
				CURRENT_PROJECT_VERSION = 1;
				DEVELOPMENT_TEAM = SRTL2HH5LP;
				GENERATE_INFOPLIST_FILE = YES;
				MARKETING_VERSION = 1.0;
				PRODUCT_BUNDLE_IDENTIFIER = com.codepath.TravelSnapUITests;
				PRODUCT_NAME = "$(TARGET_NAME)";
				SWIFT_EMIT_LOC_STRINGS = NO;
				SWIFT_VERSION = 5.0;
				TARGETED_DEVICE_FAMILY = "1,2";
				TEST_TARGET_NAME = TravelSnap;
			};
			name = Debug;
		};
		FC40726D2BCB08BA005BB784 /* Release */ = {
			isa = XCBuildConfiguration;
			buildSettings = {
				ALWAYS_EMBED_SWIFT_STANDARD_LIBRARIES = YES;
				CODE_SIGN_STYLE = Automatic;
				CURRENT_PROJECT_VERSION = 1;
				DEVELOPMENT_TEAM = SRTL2HH5LP;
				GENERATE_INFOPLIST_FILE = YES;
				MARKETING_VERSION = 1.0;
				PRODUCT_BUNDLE_IDENTIFIER = com.codepath.TravelSnapUITests;
				PRODUCT_NAME = "$(TARGET_NAME)";
				SWIFT_EMIT_LOC_STRINGS = NO;
				SWIFT_VERSION = 5.0;
				TARGETED_DEVICE_FAMILY = "1,2";
				TEST_TARGET_NAME = TravelSnap;
			};
			name = Release;
		};
/* End XCBuildConfiguration section */

/* Begin XCConfigurationList section */
		FC40723C2BCB08B8005BB784 /* Build configuration list for PBXProject "TravelSnap" */ = {
			isa = XCConfigurationList;
			buildConfigurations = (
				FC4072632BCB08BA005BB784 /* Debug */,
				FC4072642BCB08BA005BB784 /* Release */,
			);
			defaultConfigurationIsVisible = 0;
			defaultConfigurationName = Release;
		};
		FC4072652BCB08BA005BB784 /* Build configuration list for PBXNativeTarget "TravelSnap" */ = {
			isa = XCConfigurationList;
			buildConfigurations = (
				FC4072662BCB08BA005BB784 /* Debug */,
				FC4072672BCB08BA005BB784 /* Release */,
			);
			defaultConfigurationIsVisible = 0;
			defaultConfigurationName = Release;
		};
		FC4072682BCB08BA005BB784 /* Build configuration list for PBXNativeTarget "TravelSnapTests" */ = {
			isa = XCConfigurationList;
			buildConfigurations = (
				FC4072692BCB08BA005BB784 /* Debug */,
				FC40726A2BCB08BA005BB784 /* Release */,
			);
			defaultConfigurationIsVisible = 0;
			defaultConfigurationName = Release;
		};
		FC40726B2BCB08BA005BB784 /* Build configuration list for PBXNativeTarget "TravelSnapUITests" */ = {
			isa = XCConfigurationList;
			buildConfigurations = (
				FC40726C2BCB08BA005BB784 /* Debug */,
				FC40726D2BCB08BA005BB784 /* Release */,
			);
			defaultConfigurationIsVisible = 0;
			defaultConfigurationName = Release;
		};
/* End XCConfigurationList section */
	};
	rootObject = FC4072392BCB08B8005BB784 /* Project object */;
}
